
Microsoft Visual Studio Solution File, Format Version 12.00
# Visual Studio Version 17
VisualStudioVersion = 17.0.31903.59
MinimumVisualStudioVersion = 10.0.40219.1
Project("{9A19103F-16F7-4668-BE54-9A1E7A4F7556}") = "App", "src\App\App.csproj", "{5442975A-F1AE-409E-B866-D5C4A90F3FC4}"
EndProject
Project("{9A19103F-16F7-4668-BE54-9A1E7A4F7556}") = "Tests", "test\Tests\Tests.csproj", "{E33EF7A2-6210-47EF-BEF9-7DA363B2C55E}"
EndProject
Project("{2150E333-8FDC-42A3-9474-1A3956D46DE8}") = "Solution Items", "Solution Items", "{768B259B-41FC-4F13-86CB-38FDD7FED8C5}"
	ProjectSection(SolutionItems) = preProject
		.github\workflows\ci.yml = .github\workflows\ci.yml
		README.md = README.md
	EndProjectSection
EndProject
Global
	GlobalSection(SolutionConfigurationPlatforms) = preSolution
		Debug|Any CPU = Debug|Any CPU
		Release|Any CPU = Release|Any CPU
	EndGlobalSection
	GlobalSection(ProjectConfigurationPlatforms) = postSolution
		{5442975A-F1AE-409E-B866-D5C4A90F3FC4}.Debug|Any CPU.ActiveCfg = Debug|Any CPU
		{5442975A-F1AE-409E-B866-D5C4A90F3FC4}.Debug|Any CPU.Build.0 = Debug|Any CPU
		{5442975A-F1AE-409E-B866-D5C4A90F3FC4}.Release|Any CPU.ActiveCfg = Release|Any CPU
		{5442975A-F1AE-409E-B866-D5C4A90F3FC4}.Release|Any CPU.Build.0 = Release|Any CPU
		{E33EF7A2-6210-47EF-BEF9-7DA363B2C55E}.Debug|Any CPU.ActiveCfg = Debug|Any CPU
		{E33EF7A2-6210-47EF-BEF9-7DA363B2C55E}.Debug|Any CPU.Build.0 = Debug|Any CPU
		{E33EF7A2-6210-47EF-BEF9-7DA363B2C55E}.Release|Any CPU.ActiveCfg = Release|Any CPU
		{E33EF7A2-6210-47EF-BEF9-7DA363B2C55E}.Release|Any CPU.Build.0 = Release|Any CPU
	EndGlobalSection
	GlobalSection(SolutionProperties) = preSolution
		HideSolutionNode = FALSE
	EndGlobalSection
	GlobalSection(ExtensibilityGlobals) = postSolution
		SolutionGuid = {92F4E00A-C064-4CB8-BB87-760FEEA84D65}
	EndGlobalSection
EndGlobal
